// !$*UTF8*$!
{
	archiveVersion = 1;
	classes = {
	};
	objectVersion = 46;
	objects = {

/* Begin PBXBuildFile section */
		C26D49781CA528F30004DA1E /* main.m in Sources */ = {isa = PBXBuildFile; fileRef = C26D49771CA528F30004DA1E /* main.m */; };
		C26D497B1CA528F30004DA1E /* AppDelegate.m in Sources */ = {isa = PBXBuildFile; fileRef = C26D497A1CA528F30004DA1E /* AppDelegate.m */; };
		C26D497E1CA528F30004DA1E /* ViewController.m in Sources */ = {isa = PBXBuildFile; fileRef = C26D497D1CA528F30004DA1E /* ViewController.m */; };
		C26D49811CA528F30004DA1E /* Main.storyboard in Resources */ = {isa = PBXBuildFile; fileRef = C26D497F1CA528F30004DA1E /* Main.storyboard */; };
		C26D49831CA528F30004DA1E /* Assets.xcassets in Resources */ = {isa = PBXBuildFile; fileRef = C26D49821CA528F30004DA1E /* Assets.xcassets */; };
		C26D49861CA528F30004DA1E /* LaunchScreen.storyboard in Resources */ = {isa = PBXBuildFile; fileRef = C26D49841CA528F30004DA1E /* LaunchScreen.storyboard */; };
		C9C3BFA37DA4E02FCC0CE940 /* libPods.a in Frameworks */ = {isa = PBXBuildFile; fileRef = BF4CF35433F0DF6B20EC0703 /* libPods.a */; };
/* End PBXBuildFile section */

/* Begin PBXFileReference section */
		57990B766DB3AACC0D918F8A /* Pods.release.xcconfig */ = {isa = PBXFileReference; includeInIndex = 1; lastKnownFileType = text.xcconfig; name = Pods.release.xcconfig; path = "Pods/Target Support Files/Pods/Pods.release.xcconfig"; sourceTree = "<group>"; };
		BF4CF35433F0DF6B20EC0703 /* libPods.a */ = {isa = PBXFileReference; explicitFileType = archive.ar; includeInIndex = 0; path = libPods.a; sourceTree = BUILT_PRODUCTS_DIR; };
		C26D49731CA528F30004DA1E /* ceshi.app */ = {isa = PBXFileReference; explicitFileType = wrapper.application; includeInIndex = 0; path = ceshi.app; sourceTree = BUILT_PRODUCTS_DIR; };
		C26D49771CA528F30004DA1E /* main.m */ = {isa = PBXFileReference; lastKnownFileType = sourcecode.c.objc; path = main.m; sourceTree = "<group>"; };
		C26D49791CA528F30004DA1E /* AppDelegate.h */ = {isa = PBXFileReference; lastKnownFileType = sourcecode.c.h; path = AppDelegate.h; sourceTree = "<group>"; };
		C26D497A1CA528F30004DA1E /* AppDelegate.m */ = {isa = PBXFileReference; lastKnownFileType = sourcecode.c.objc; path = AppDelegate.m; sourceTree = "<group>"; };
		C26D497C1CA528F30004DA1E /* ViewController.h */ = {isa = PBXFileReference; lastKnownFileType = sourcecode.c.h; path = ViewController.h; sourceTree = "<group>"; };
		C26D497D1CA528F30004DA1E /* ViewController.m */ = {isa = PBXFileReference; lastKnownFileType = sourcecode.c.objc; path = ViewController.m; sourceTree = "<group>"; };
		C26D49801CA528F30004DA1E /* Base */ = {isa = PBXFileReference; lastKnownFileType = file.storyboard; name = Base; path = Base.lproj/Main.storyboard; sourceTree = "<group>"; };
		C26D49821CA528F30004DA1E /* Assets.xcassets */ = {isa = PBXFileReference; lastKnownFileType = folder.assetcatalog; path = Assets.xcassets; sourceTree = "<group>"; };
		C26D49851CA528F30004DA1E /* Base */ = {isa = PBXFileReference; lastKnownFileType = file.storyboard; name = Base; path = Base.lproj/LaunchScreen.storyboard; sourceTree = "<group>"; };
		C26D49871CA528F30004DA1E /* Info.plist */ = {isa = PBXFileReference; lastKnownFileType = text.plist.xml; path = Info.plist; sourceTree = "<group>"; };
		E612C4718077C1E1E55B3E3E /* Pods.debug.xcconfig */ = {isa = PBXFileReference; includeInIndex = 1; lastKnownFileType = text.xcconfig; name = Pods.debug.xcconfig; path = "Pods/Target Support Files/Pods/Pods.debug.xcconfig"; sourceTree = "<group>"; };
/* End PBXFileReference section */

/* Begin PBXFrameworksBuildPhase section */
		C26D49701CA528F30004DA1E /* Frameworks */ = {
			isa = PBXFrameworksBuildPhase;
			buildActionMask = 2147483647;
			files = (
				C9C3BFA37DA4E02FCC0CE940 /* libPods.a in Frameworks */,
			);
			runOnlyForDeploymentPostprocessing = 0;
		};
/* End PBXFrameworksBuildPhase section */

/* Begin PBXGroup section */
		7D7D36537E74339240E33B94 /* Pods */ = {
			isa = PBXGroup;
			children = (
				E612C4718077C1E1E55B3E3E /* Pods.debug.xcconfig */,
				57990B766DB3AACC0D918F8A /* Pods.release.xcconfig */,
			);
			name = Pods;
			sourceTree = "<group>";
		};
		C26D496A1CA528F30004DA1E = {
			isa = PBXGroup;
			children = (
				C26D49751CA528F30004DA1E /* ceshi */,
				C26D49741CA528F30004DA1E /* Products */,
				7D7D36537E74339240E33B94 /* Pods */,
				C37340CDB9B6AD18B921416C /* Frameworks */,
			);
			sourceTree = "<group>";
		};
		C26D49741CA528F30004DA1E /* Products */ = {
			isa = PBXGroup;
			children = (
				C26D49731CA528F30004DA1E /* ceshi.app */,
			);
			name = Products;
			sourceTree = "<group>";
		};
		C26D49751CA528F30004DA1E /* ceshi */ = {
			isa = PBXGroup;
			children = (
				C26D49791CA528F30004DA1E /* AppDelegate.h */,
				C26D497A1CA528F30004DA1E /* AppDelegate.m */,
				C26D497C1CA528F30004DA1E /* ViewController.h */,
				C26D497D1CA528F30004DA1E /* ViewController.m */,
				C26D497F1CA528F30004DA1E /* Main.storyboard */,
				C26D49821CA528F30004DA1E /* Assets.xcassets */,
				C26D49841CA528F30004DA1E /* LaunchScreen.storyboard */,
				C26D49871CA528F30004DA1E /* Info.plist */,
				C26D49761CA528F30004DA1E /* Supporting Files */,
			);
			path = ceshi;
			sourceTree = "<group>";
		};
		C26D49761CA528F30004DA1E /* Supporting Files */ = {
			isa = PBXGroup;
			children = (
				C26D49771CA528F30004DA1E /* main.m */,
			);
			name = "Supporting Files";
			sourceTree = "<group>";
		};
		C37340CDB9B6AD18B921416C /* Frameworks */ = {
			isa = PBXGroup;
			children = (
				BF4CF35433F0DF6B20EC0703 /* libPods.a */,
			);
			name = Frameworks;
			sourceTree = "<group>";
		};
/* End PBXGroup section */

/* Begin PBXNativeTarget section */
		C26D49721CA528F30004DA1E /* ceshi */ = {
			isa = PBXNativeTarget;
			buildConfigurationList = C26D498A1CA528F30004DA1E /* Build configuration list for PBXNativeTarget "ceshi" */;
			buildPhases = (
				DF2AFBD3EAC0FA1E374C3D6C /* Check Pods Manifest.lock */,
				C26D496F1CA528F30004DA1E /* Sources */,
				C26D49701CA528F30004DA1E /* Frameworks */,
				C26D49711CA528F30004DA1E /* Resources */,
				DB48C5941996EF8CBC6EEDA0 /* Embed Pods Frameworks */,
				AA74948C719E2165DBF8E7EB /* Copy Pods Resources */,
			);
			buildRules = (
			);
			dependencies = (
			);
			name = ceshi;
			productName = ceshi;
			productReference = C26D49731CA528F30004DA1E /* ceshi.app */;
			productType = "com.apple.product-type.application";
		};
/* End PBXNativeTarget section */

/* Begin PBXProject section */
		C26D496B1CA528F30004DA1E /* Project object */ = {
			isa = PBXProject;
			attributes = {
				LastUpgradeCheck = 0720;
				ORGANIZATIONNAME = "陈林林";
				TargetAttributes = {
					C26D49721CA528F30004DA1E = {
						CreatedOnToolsVersion = 7.2;
						DevelopmentTeam = DCV7UT2Q28;
					};
				};
			};
			buildConfigurationList = C26D496E1CA528F30004DA1E /* Build configuration list for PBXProject "ceshi" */;
			compatibilityVersion = "Xcode 3.2";
			developmentRegion = English;
			hasScannedForEncodings = 0;
			knownRegions = (
				en,
				Base,
			);
			mainGroup = C26D496A1CA528F30004DA1E;
			productRefGroup = C26D49741CA528F30004DA1E /* Products */;
			projectDirPath = "";
			projectRoot = "";
			targets = (
				C26D49721CA528F30004DA1E /* ceshi */,
			);
		};
/* End PBXProject section */

/* Begin PBXResourcesBuildPhase section */
		C26D49711CA528F30004DA1E /* Resources */ = {
			isa = PBXResourcesBuildPhase;
			buildActionMask = 2147483647;
			files = (
				C26D49861CA528F30004DA1E /* LaunchScreen.storyboard in Resources */,
				C26D49831CA528F30004DA1E /* Assets.xcassets in Resources */,
				C26D49811CA528F30004DA1E /* Main.storyboard in Resources */,
			);
			runOnlyForDeploymentPostprocessing = 0;
		};
/* End PBXResourcesBuildPhase section */

/* Begin PBXShellScriptBuildPhase section */
		AA74948C719E2165DBF8E7EB /* Copy Pods Resources */ = {
			isa = PBXShellScriptBuildPhase;
			buildActionMask = 2147483647;
			files = (
			);
			inputPaths = (
			);
			name = "Copy Pods Resources";
			outputPaths = (
			);
			runOnlyForDeploymentPostprocessing = 0;
			shellPath = /bin/sh;
			shellScript = "\"${SRCROOT}/Pods/Target Support Files/Pods/Pods-resources.sh\"\n";
			showEnvVarsInLog = 0;
		};
		DB48C5941996EF8CBC6EEDA0 /* Embed Pods Frameworks */ = {
			isa = PBXShellScriptBuildPhase;
			buildActionMask = 2147483647;
			files = (
			);
			inputPaths = (
			);
			name = "Embed Pods Frameworks";
			outputPaths = (
			);
			runOnlyForDeploymentPostprocessing = 0;
			shellPath = /bin/sh;
			shellScript = "\"${SRCROOT}/Pods/Target Support Files/Pods/Pods-frameworks.sh\"\n";
			showEnvVarsInLog = 0;
		};
		DF2AFBD3EAC0FA1E374C3D6C /* Check Pods Manifest.lock */ = {
			isa = PBXShellScriptBuildPhase;
			buildActionMask = 2147483647;
			files = (
			);
			inputPaths = (
			);
			name = "Check Pods Manifest.lock";
			outputPaths = (
			);
			runOnlyForDeploymentPostprocessing = 0;
			shellPath = /bin/sh;
			shellScript = "diff \"${PODS_ROOT}/../Podfile.lock\" \"${PODS_ROOT}/Manifest.lock\" > /dev/null\nif [[ $? != 0 ]] ; then\n    cat << EOM\nerror: The sandbox is not in sync with the Podfile.lock. Run 'pod install' or update your CocoaPods installation.\nEOM\n    exit 1\nfi\n";
			showEnvVarsInLog = 0;
		};
/* End PBXShellScriptBuildPhase section */

/* Begin PBXSourcesBuildPhase section */
		C26D496F1CA528F30004DA1E /* Sources */ = {
			isa = PBXSourcesBuildPhase;
			buildActionMask = 2147483647;
			files = (
				C26D497E1CA528F30004DA1E /* ViewController.m in Sources */,
				C26D497B1CA528F30004DA1E /* AppDelegate.m in Sources */,
				C26D49781CA528F30004DA1E /* main.m in Sources */,
			);
			runOnlyForDeploymentPostprocessing = 0;
		};
/* End PBXSourcesBuildPhase section */

/* Begin PBXVariantGroup section */
		C26D497F1CA528F30004DA1E /* Main.storyboard */ = {
			isa = PBXVariantGroup;
			children = (
				C26D49801CA528F30004DA1E /* Base */,
			);
			name = Main.storyboard;
			sourceTree = "<group>";
		};
		C26D49841CA528F30004DA1E /* LaunchScreen.storyboard */ = {
			isa = PBXVariantGroup;
			children = (
				C26D49851CA528F30004DA1E /* Base */,
			);
			name = LaunchScreen.storyboard;
			sourceTree = "<group>";
		};
/* End PBXVariantGroup section */

/* Begin XCBuildConfiguration section */
		C26D49881CA528F30004DA1E /* Debug */ = {
			isa = XCBuildConfiguration;
			buildSettings = {
				ALWAYS_SEARCH_USER_PATHS = NO;
				CLANG_CXX_LANGUAGE_STANDARD = "gnu++0x";
				CLANG_CXX_LIBRARY = "libc++";
				CLANG_ENABLE_MODULES = YES;
				CLANG_ENABLE_OBJC_ARC = YES;
				CLANG_WARN_BOOL_CONVERSION = YES;
				CLANG_WARN_CONSTANT_CONVERSION = YES;
				CLANG_WARN_DIRECT_OBJC_ISA_USAGE = YES_ERROR;
				CLANG_WARN_EMPTY_BODY = YES;
				CLANG_WARN_ENUM_CONVERSION = YES;
				CLANG_WARN_INT_CONVERSION = YES;
				CLANG_WARN_OBJC_ROOT_CLASS = YES_ERROR;
				CLANG_WARN_UNREACHABLE_CODE = YES;
				CLANG_WARN__DUPLICATE_METHOD_MATCH = YES;
				"CODE_SIGN_IDENTITY[sdk=iphoneos*]" = "iPhone Developer";
				COPY_PHASE_STRIP = NO;
				DEBUG_INFORMATION_FORMAT = dwarf;
				ENABLE_STRICT_OBJC_MSGSEND = YES;
				ENABLE_TESTABILITY = YES;
				GCC_C_LANGUAGE_STANDARD = gnu99;
				GCC_DYNAMIC_NO_PIC = NO;
				GCC_NO_COMMON_BLOCKS = YES;
				GCC_OPTIMIZATION_LEVEL = 0;
				GCC_PREPROCESSOR_DEFINITIONS = (
					"DEBUG=1",
					"$(inherited)",
				);
				GCC_WARN_64_TO_32_BIT_CONVERSION = YES;
				GCC_WARN_ABOUT_RETURN_TYPE = YES_ERROR;
				GCC_WARN_UNDECLARED_SELECTOR = YES;
				GCC_WARN_UNINITIALIZED_AUTOS = YES_AGGRESSIVE;
				GCC_WARN_UNUSED_FUNCTION = YES;
				GCC_WARN_UNUSED_VARIABLE = YES;
				IPHONEOS_DEPLOYMENT_TARGET = 9.2;
				MTL_ENABLE_DEBUG_INFO = YES;
				ONLY_ACTIVE_ARCH = YES;
				SDKROOT = iphoneos;
			};
			name = Debug;
		};
		C26D49891CA528F30004DA1E /* Release */ = {
			isa = XCBuildConfiguration;
			buildSettings = {
				ALWAYS_SEARCH_USER_PATHS = NO;
				CLANG_CXX_LANGUAGE_STANDARD = "gnu++0x";
				CLANG_CXX_LIBRARY = "libc++";
				CLANG_ENABLE_MODULES = YES;
				CLANG_ENABLE_OBJC_ARC = YES;
				CLANG_WARN_BOOL_CONVERSION = YES;
				CLANG_WARN_CONSTANT_CONVERSION = YES;
				CLANG_WARN_DIRECT_OBJC_ISA_USAGE = YES_ERROR;
				CLANG_WARN_EMPTY_BODY = YES;
				CLANG_WARN_ENUM_CONVERSION = YES;
				CLANG_WARN_INT_CONVERSION = YES;
				CLANG_WARN_OBJC_ROOT_CLASS = YES_ERROR;
				CLANG_WARN_UNREACHABLE_CODE = YES;
				CLANG_WARN__DUPLICATE_METHOD_MATCH = YES;
				"CODE_SIGN_IDENTITY[sdk=iphoneos*]" = "iPhone Developer";
				COPY_PHASE_STRIP = NO;
				DEBUG_INFORMATION_FORMAT = "dwarf-with-dsym";
				ENABLE_NS_ASSERTIONS = NO;
				ENABLE_STRICT_OBJC_MSGSEND = YES;
				GCC_C_LANGUAGE_STANDARD = gnu99;
				GCC_NO_COMMON_BLOCKS = YES;
				GCC_WARN_64_TO_32_BIT_CONVERSION = YES;
				GCC_WARN_ABOUT_RETURN_TYPE = YES_ERROR;
				GCC_WARN_UNDECLARED_SELECTOR = YES;
				GCC_WARN_UNINITIALIZED_AUTOS = YES_AGGRESSIVE;
				GCC_WARN_UNUSED_FUNCTION = YES;
				GCC_WARN_UNUSED_VARIABLE = YES;
				IPHONEOS_DEPLOYMENT_TARGET = 9.2;
				MTL_ENABLE_DEBUG_INFO = NO;
				SDKROOT = iphoneos;
				VALIDATE_PRODUCT = YES;
			};
			name = Release;
		};
		C26D498B1CA528F30004DA1E /* Debug */ = {
			isa = XCBuildConfiguration;
			baseConfigurationReference = E612C4718077C1E1E55B3E3E /* Pods.debug.xcconfig */;
			buildSettings = {
				ASSETCATALOG_COMPILER_APPICON_NAME = AppIcon;
				INFOPLIST_FILE = ceshi/Info.plist;
				LD_RUNPATH_SEARCH_PATHS = "$(inherited) @executable_path/Frameworks";
				PRODUCT_BUNDLE_IDENTIFIER = "---.ceshi";
				PRODUCT_NAME = "$(TARGET_NAME)";
			};
			name = Debug;
		};
		C26D498C1CA528F30004DA1E /* Release */ = {
			isa = XCBuildConfiguration;
			baseConfigurationReference = 57990B766DB3AACC0D918F8A /* Pods.release.xcconfig */;
			buildSettings = {
				ASSETCATALOG_COMPILER_APPICON_NAME = AppIcon;
				INFOPLIST_FILE = ceshi/Info.plist;
				LD_RUNPATH_SEARCH_PATHS = "$(inherited) @executable_path/Frameworks";
				PRODUCT_BUNDLE_IDENTIFIER = "---.ceshi";
				PRODUCT_NAME = "$(TARGET_NAME)";
			};
			name = Release;
		};
/* End XCBuildConfiguration section */

/* Begin XCConfigurationList section */
		C26D496E1CA528F30004DA1E /* Build configuration list for PBXProject "ceshi" */ = {
			isa = XCConfigurationList;
			buildConfigurations = (
				C26D49881CA528F30004DA1E /* Debug */,
				C26D49891CA528F30004DA1E /* Release */,
			);
			defaultConfigurationIsVisible = 0;
			defaultConfigurationName = Release;
		};
		C26D498A1CA528F30004DA1E /* Build configuration list for PBXNativeTarget "ceshi" */ = {
			isa = XCConfigurationList;
			buildConfigurations = (
				C26D498B1CA528F30004DA1E /* Debug */,
				C26D498C1CA528F30004DA1E /* Release */,
			);
			defaultConfigurationIsVisible = 0;
			defaultConfigurationName = Release;
		};
/* End XCConfigurationList section */
	};
	rootObject = C26D496B1CA528F30004DA1E /* Project object */;
}
